
Microsoft Visual Studio Solution File, Format Version 12.00
# Visual Studio Version 16
VisualStudioVersion = 16.0.30204.135
MinimumVisualStudioVersion = 10.0.40219.1
Project("{FAE04EC0-301F-11D3-BF4B-00C04F79EFBC}") = "Logger", "Logger\Logger.csproj", "{6DCE5306-BC72-4E86-8BFF-632AB7D09275}"
EndProject
Global
	GlobalSection(SolutionConfigurationPlatforms) = preSolution
		Debug|Any CPU = Debug|Any CPU
		Release|Any CPU = Release|Any CPU
	EndGlobalSection
	GlobalSection(ProjectConfigurationPlatforms) = postSolution
		{6DCE5306-BC72-4E86-8BFF-632AB7D09275}.Debug|Any CPU.ActiveCfg = Debug|Any CPU
		{6DCE5306-BC72-4E86-8BFF-632AB7D09275}.Debug|Any CPU.Build.0 = Debug|Any CPU
		{6DCE5306-BC72-4E86-8BFF-632AB7D09275}.Release|Any CPU.ActiveCfg = Release|Any CPU
		{6DCE5306-BC72-4E86-8BFF-632AB7D09275}.Release|Any CPU.Build.0 = Release|Any CPU
	EndGlobalSection
	GlobalSection(SolutionProperties) = preSolution
		HideSolutionNode = FALSE
	EndGlobalSection
	GlobalSection(ExtensibilityGlobals) = postSolution
		SolutionGuid = {DC154F7F-AFE8-4CBE-AC8D-BC557412F34B}
	EndGlobalSection
EndGlobal
